// !$*UTF8*$!
{
	archiveVersion = 1;
	classes = {
	};
	objectVersion = 90;
	objects = {

/* Begin PBXBuildFile section */
		9414D4FB282AF10100A5464D /* AppDelegate.swift in Sources */ = {isa = PBXBuildFile; fileRef = 9414D4FA282AF10100A5464D /* AppDelegate.swift */; };
		9420C567285511640099C8C8 /* UploadView.swift in Sources */ = {isa = PBXBuildFile; fileRef = 9420C566285511640099C8C8 /* UploadView.swift */; };
		9420C568285511640099C8C8 /* UploadView.swift in Sources */ = {isa = PBXBuildFile; fileRef = 9420C566285511640099C8C8 /* UploadView.swift */; };

		94220B302EEFD6AE00DDB997 /* Info.plist in Resources */ = {isa = PBXBuildFile; fileRef = 94220B2F2EEFD6AE00DDB997 /* Info.plist */; };
		943829A02BA7E872004CE41F /* MenuBarIcon.swift in Sources */ = {isa = PBXBuildFile; fileRef = 9438299F2BA7E872004CE41F /* MenuBarIcon.swift */; };
		943829A32BA7E9AE004CE41F /* MenuBarExtraAccess in Frameworks */ = {isa = PBXBuildFile; productRef = 943829A22BA7E9AE004CE41F /* MenuBarExtraAccess */; };
		945BB8A5283828DF000E94D1 /* NSStatusBarButtonExtension.swift in Sources */ = {isa = PBXBuildFile; fileRef = 945BB8A4283828DF000E94D1 /* NSStatusBarButtonExtension.swift */; };
		947D04C2282AF0BF00D83248 /* Tests_iOS.swift in Sources */ = {isa = PBXBuildFile; fileRef = 947D04C1282AF0BF00D83248 /* Tests_iOS.swift */; };
		947D04C4282AF0BF00D83248 /* Tests_iOSLaunchTests.swift in Sources */ = {isa = PBXBuildFile; fileRef = 947D04C3282AF0BF00D83248 /* Tests_iOSLaunchTests.swift */; };


		94CC1A0B2C8B3F0100ABCDEF /* FileUploaderTests.swift in Sources */ = {isa = PBXBuildFile; fileRef = 94CC1A0A2C8B3F0100ABCDEF /* FileUploaderTests.swift */; };
		947D04D1282AF0BF00D83248 /* File_CloudApp.swift in Sources */ = {isa = PBXBuildFile; fileRef = 947D04A9282AF0BE00D83248 /* File_CloudApp.swift */; };
		947D04D2282AF0BF00D83248 /* File_CloudApp.swift in Sources */ = {isa = PBXBuildFile; fileRef = 947D04A9282AF0BE00D83248 /* File_CloudApp.swift */; };
		947D04D5282AF0BF00D83248 /* Assets.xcassets in Resources */ = {isa = PBXBuildFile; fileRef = 947D04AB282AF0BF00D83248 /* Assets.xcassets */; };
		947D04D6282AF0BF00D83248 /* Assets.xcassets in Resources */ = {isa = PBXBuildFile; fileRef = 947D04AB282AF0BF00D83248 /* Assets.xcassets */; };
		948D130128550F38006BD99C /* SettingsView.swift in Sources */ = {isa = PBXBuildFile; fileRef = 948D130028550F38006BD99C /* SettingsView.swift */; };
		948D130228550F38006BD99C /* SettingsView.swift in Sources */ = {isa = PBXBuildFile; fileRef = 948D130028550F38006BD99C /* SettingsView.swift */; };
		94A5419D2832BD7800C6E440 /* SettingsView.swift in Sources */ = {isa = PBXBuildFile; fileRef = 94A5419C2832BD7800C6E440 /* SettingsView.swift */; };
		94A93B372A4E597C0054D537 /* LaunchAtLogin in Frameworks */ = {isa = PBXBuildFile; productRef = 94A93B362A4E597C0054D537 /* LaunchAtLogin */; };
		94A93B392A4E5A280054D537 /* LaunchAtLogin in Frameworks */ = {isa = PBXBuildFile; productRef = 94A93B382A4E5A280054D537 /* LaunchAtLogin */; };
		94BC795E2841AAA9003587E8 /* MainView.swift in Sources */ = {isa = PBXBuildFile; fileRef = 94BC795D2841AAA9003587E8 /* MainView.swift */; };
		94BC795F2841AAB0003587E8 /* MainView.swift in Sources */ = {isa = PBXBuildFile; fileRef = 94BC795D2841AAA9003587E8 /* MainView.swift */; };
		94EB160D282E1B5D0099E47F /* FileUploader.swift in Sources */ = {isa = PBXBuildFile; fileRef = 94EB160C282E1B5D0099E47F /* FileUploader.swift */; };
		94EB160E282E1B5D0099E47F /* FileUploader.swift in Sources */ = {isa = PBXBuildFile; fileRef = 94EB160C282E1B5D0099E47F /* FileUploader.swift */; };
		94KC00012D0C000100000001 /* Keychain.swift in Sources */ = {isa = PBXBuildFile; fileRef = 94KC00002D0C000100000001 /* Keychain.swift */; };
		94KC00022D0C000100000001 /* Keychain.swift in Sources */ = {isa = PBXBuildFile; fileRef = 94KC00002D0C000100000001 /* Keychain.swift */; };
		94KC00032D0C000100000001 /* Keychain.swift in Sources */ = {isa = PBXBuildFile; fileRef = 94KC00002D0C000100000001 /* Keychain.swift */; };
		94SE00012D0C000100000001 /* Settings.swift in Sources */ = {isa = PBXBuildFile; fileRef = 94SE00002D0C000100000001 /* Settings.swift */; };
		94SE00022D0C000100000001 /* Settings.swift in Sources */ = {isa = PBXBuildFile; fileRef = 94SE00002D0C000100000001 /* Settings.swift */; };
		94FA00012D0C000100000001 /* FileUploaderAsync.swift in Sources */ = {isa = PBXBuildFile; fileRef = 94FA00002D0C000100000001 /* FileUploaderAsync.swift */; };
		94FA00022D0C000100000001 /* FileUploaderAsync.swift in Sources */ = {isa = PBXBuildFile; fileRef = 94FA00002D0C000100000001 /* FileUploaderAsync.swift */; };
		94PP00012D0C000100000001 /* PhotoPicker.swift in Sources */ = {isa = PBXBuildFile; fileRef = 94PP00002D0C000100000001 /* PhotoPicker.swift */; };
		94DP00012D0C000100000001 /* DocumentPicker.swift in Sources */ = {isa = PBXBuildFile; fileRef = 94DP00002D0C000100000001 /* DocumentPicker.swift */; };
		94SV00012D0C000100000001 /* ShareViewController.swift in Sources */ = {isa = PBXBuildFile; fileRef = 94SV00002D0C000100000001 /* ShareViewController.swift */; };
		94FU00012D0C000100000001 /* FileUploader.swift in Sources */ = {isa = PBXBuildFile; fileRef = 94EB160C282E1B5D0099E47F /* FileUploader.swift */; };
		94SE00112D0C000100000001 /* Share Extension.appex in Embed App Extensions */ = {isa = PBXBuildFile; fileRef = 94SE00102D0C000100000001 /* Share Extension.appex */; settings = {ATTRIBUTES = (RemoveHeadersOnCopy, ); }; };
/* End PBXBuildFile section */

/* Begin PBXContainerItemProxy section */
		947D04BE282AF0BF00D83248 /* PBXContainerItemProxy */ = {
			isa = PBXContainerItemProxy;
			containerPortal = 947D04A4282AF0BE00D83248 /* Project object */;
			proxyType = 1;
			remoteGlobalIDString = 947D04AF282AF0BF00D83248;
			remoteInfo = "File Cloud (iOS)";
		};
		947D04CA282AF0BF00D83248 /* PBXContainerItemProxy */ = {
			isa = PBXContainerItemProxy;
			containerPortal = 947D04A4282AF0BE00D83248 /* Project object */;
			proxyType = 1;
			remoteGlobalIDString = 947D04B5282AF0BF00D83248;
			remoteInfo = "File Cloud (macOS)";
		};
		94CP00002D0C000100000001 /* PBXContainerItemProxy */ = {
			isa = PBXContainerItemProxy;
			containerPortal = 947D04A4282AF0BE00D83248 /* Project object */;
			proxyType = 1;
			remoteGlobalIDString = 94SH00002D0C000100000001;
			remoteInfo = "Share Extension";
		};
/* End PBXContainerItemProxy section */

/* Begin PBXFileReference section */
		9414D4FA282AF10100A5464D /* AppDelegate.swift */ = {isa = PBXFileReference; lastKnownFileType = sourcecode.swift; path = AppDelegate.swift; sourceTree = "<group>"; };
		9414D4FC282AF2C700A5464D /* File-Cloud--macOS--Info.plist */ = {isa = PBXFileReference; lastKnownFileType = text.plist; path = "File-Cloud--macOS--Info.plist"; sourceTree = "<group>"; };
		9420C566285511640099C8C8 /* UploadView.swift */ = {isa = PBXFileReference; lastKnownFileType = sourcecode.swift; path = UploadView.swift; sourceTree = "<group>"; };

		94220B2E2EEFD6A800DDB997 /* File Cloud.entitlements */ = {isa = PBXFileReference; lastKnownFileType = text.plist.entitlements; path = "File Cloud.entitlements"; sourceTree = "<group>"; };
		94220B2F2EEFD6AE00DDB997 /* Info.plist */ = {isa = PBXFileReference; lastKnownFileType = text.plist.xml; path = Info.plist; sourceTree = "<group>"; };
		9438299F2BA7E872004CE41F /* MenuBarIcon.swift */ = {isa = PBXFileReference; fileEncoding = 4; lastKnownFileType = sourcecode.swift; path = MenuBarIcon.swift; sourceTree = "<group>"; };
		945BB8A4283828DF000E94D1 /* NSStatusBarButtonExtension.swift */ = {isa = PBXFileReference; lastKnownFileType = sourcecode.swift; path = NSStatusBarButtonExtension.swift; sourceTree = "<group>"; };
		947D04A9282AF0BE00D83248 /* File_CloudApp.swift */ = {isa = PBXFileReference; lastKnownFileType = sourcecode.swift; path = File_CloudApp.swift; sourceTree = "<group>"; };
		947D04AB282AF0BF00D83248 /* Assets.xcassets */ = {isa = PBXFileReference; lastKnownFileType = folder.assetcatalog; path = Assets.xcassets; sourceTree = "<group>"; };
		947D04B0282AF0BF00D83248 /* File Cloud.app */ = {isa = PBXFileReference; explicitFileType = wrapper.application; includeInIndex = 0; path = "File Cloud.app"; sourceTree = BUILT_PRODUCTS_DIR; };
		947D04B6282AF0BF00D83248 /* File Cloud.app */ = {isa = PBXFileReference; explicitFileType = wrapper.application; includeInIndex = 0; path = "File Cloud.app"; sourceTree = BUILT_PRODUCTS_DIR; };
		947D04B8282AF0BF00D83248 /* macOS.entitlements */ = {isa = PBXFileReference; lastKnownFileType = text.plist.entitlements; path = macOS.entitlements; sourceTree = "<group>"; };
		947D04BD282AF0BF00D83248 /* Tests iOS.xctest */ = {isa = PBXFileReference; explicitFileType = wrapper.cfbundle; includeInIndex = 0; path = "Tests iOS.xctest"; sourceTree = BUILT_PRODUCTS_DIR; };
		947D04C1282AF0BF00D83248 /* Tests_iOS.swift */ = {isa = PBXFileReference; lastKnownFileType = sourcecode.swift; path = Tests_iOS.swift; sourceTree = "<group>"; };
		947D04C3282AF0BF00D83248 /* Tests_iOSLaunchTests.swift */ = {isa = PBXFileReference; lastKnownFileType = sourcecode.swift; path = Tests_iOSLaunchTests.swift; sourceTree = "<group>"; };
		947D04C9282AF0BF00D83248 /* Tests macOS.xctest */ = {isa = PBXFileReference; explicitFileType = wrapper.cfbundle; includeInIndex = 0; path = "Tests macOS.xctest"; sourceTree = BUILT_PRODUCTS_DIR; };


		94CC1A0A2C8B3F0100ABCDEF /* FileUploaderTests.swift */ = {isa = PBXFileReference; lastKnownFileType = sourcecode.swift; path = FileUploaderTests.swift; sourceTree = "<group>"; };
		948D130028550F38006BD99C /* SettingsView.swift */ = {isa = PBXFileReference; lastKnownFileType = sourcecode.swift; path = SettingsView.swift; sourceTree = "<group>"; };
		94A5419C2832BD7800C6E440 /* SettingsView.swift */ = {isa = PBXFileReference; lastKnownFileType = sourcecode.swift; name = SettingsView.swift; path = macOS/SettingsView.swift; sourceTree = SOURCE_ROOT; };
		94A5419E2832F16400C6E440 /* README.md */ = {isa = PBXFileReference; lastKnownFileType = net.daringfireball.markdown; path = README.md; sourceTree = "<group>"; };
		94BC795D2841AAA9003587E8 /* MainView.swift */ = {isa = PBXFileReference; fileEncoding = 4; lastKnownFileType = sourcecode.swift; path = MainView.swift; sourceTree = "<group>"; };
		94EB160C282E1B5D0099E47F /* FileUploader.swift */ = {isa = PBXFileReference; lastKnownFileType = sourcecode.swift; path = FileUploader.swift; sourceTree = "<group>"; };
		94KC00002D0C000100000001 /* Keychain.swift */ = {isa = PBXFileReference; lastKnownFileType = sourcecode.swift; path = Keychain.swift; sourceTree = "<group>"; };
		94SE00002D0C000100000001 /* Settings.swift */ = {isa = PBXFileReference; lastKnownFileType = sourcecode.swift; path = Settings.swift; sourceTree = "<group>"; };
		94FA00002D0C000100000001 /* FileUploaderAsync.swift */ = {isa = PBXFileReference; lastKnownFileType = sourcecode.swift; path = FileUploaderAsync.swift; sourceTree = "<group>"; };
		94PP00002D0C000100000001 /* PhotoPicker.swift */ = {isa = PBXFileReference; lastKnownFileType = sourcecode.swift; path = PhotoPicker.swift; sourceTree = "<group>"; };
		94DP00002D0C000100000001 /* DocumentPicker.swift */ = {isa = PBXFileReference; lastKnownFileType = sourcecode.swift; path = DocumentPicker.swift; sourceTree = "<group>"; };
		94IE00002D0C000100000001 /* iOS.entitlements */ = {isa = PBXFileReference; lastKnownFileType = text.plist.entitlements; path = iOS.entitlements; sourceTree = "<group>"; };
		94SV00002D0C000100000001 /* ShareViewController.swift */ = {isa = PBXFileReference; lastKnownFileType = sourcecode.swift; path = ShareViewController.swift; sourceTree = "<group>"; };
		94XE00002D0C000100000001 /* Share Extension.entitlements */ = {isa = PBXFileReference; lastKnownFileType = text.plist.entitlements; path = "Share Extension.entitlements"; sourceTree = "<group>"; };
		94SE00102D0C000100000001 /* Share Extension.appex */ = {isa = PBXFileReference; explicitFileType = "wrapper.app-extension"; includeInIndex = 0; path = "Share Extension.appex"; sourceTree = BUILT_PRODUCTS_DIR; };
		94IP00002D0C000100000001 /* Info.plist */ = {isa = PBXFileReference; lastKnownFileType = text.plist.xml; path = Info.plist; sourceTree = "<group>"; };
/* End PBXFileReference section */

/* Begin PBXFrameworksBuildPhase section */
		947D04AD282AF0BF00D83248 /* Frameworks */ = {
			isa = PBXFrameworksBuildPhase;
			files = (
			);
		};
		947D04B3282AF0BF00D83248 /* Frameworks */ = {
			isa = PBXFrameworksBuildPhase;
			files = (
				943829A32BA7E9AE004CE41F /* MenuBarExtraAccess in Frameworks */,
				94A93B392A4E5A280054D537 /* LaunchAtLogin in Frameworks */,
			);
		};
		947D04BA282AF0BF00D83248 /* Frameworks */ = {
			isa = PBXFrameworksBuildPhase;
			files = (
			);
		};
		947D04C6282AF0BF00D83248 /* Frameworks */ = {
			isa = PBXFrameworksBuildPhase;
			files = (
			);
		};
		94SH00022D0C000100000001 /* Frameworks */ = {
			isa = PBXFrameworksBuildPhase;
			files = (
			);
		};
/* End PBXFrameworksBuildPhase section */

/* Begin PBXGroup section */
		941AACAA283972E900D94B48 /* Frameworks */ = {
			isa = PBXGroup;
			children = (
			);
			name = Frameworks;
			sourceTree = "<group>";
		};
		947D04A3282AF0BE00D83248 = {
			isa = PBXGroup;
			children = (
				94A5419E2832F16400C6E440 /* README.md */,
				9414D4FC282AF2C700A5464D /* File-Cloud--macOS--Info.plist */,
				947D04A8282AF0BE00D83248 /* Shared */,
				947D04B7282AF0BF00D83248 /* macOS */,
				94BC795C2841AA43003587E8 /* iOS */,
				947D04C0282AF0BF00D83248 /* Tests iOS */,
				947D04CC282AF0BF00D83248 /* Tests macOS */,
				94SG00002D0C000100000001 /* Share Extension */,
				947D04B1282AF0BF00D83248 /* Products */,
				941AACAA283972E900D94B48 /* Frameworks */,
			);
			sourceTree = "<group>";
		};
		947D04A8282AF0BE00D83248 /* Shared */ = {
			isa = PBXGroup;
			children = (
				947D04A9282AF0BE00D83248 /* File_CloudApp.swift */,
				947D04AB282AF0BF00D83248 /* Assets.xcassets */,
				94EB160C282E1B5D0099E47F /* FileUploader.swift */,
				94FA00002D0C000100000001 /* FileUploaderAsync.swift */,
				94KC00002D0C000100000001 /* Keychain.swift */,
				94SE00002D0C000100000001 /* Settings.swift */,
			);
			path = Shared;
			sourceTree = "<group>";
		};
		947D04B1282AF0BF00D83248 /* Products */ = {
			isa = PBXGroup;
			children = (
				947D04B0282AF0BF00D83248 /* File Cloud.app */,
				947D04B6282AF0BF00D83248 /* File Cloud.app */,
				947D04BD282AF0BF00D83248 /* Tests iOS.xctest */,
				947D04C9282AF0BF00D83248 /* Tests macOS.xctest */,
				94SE00102D0C000100000001 /* Share Extension.appex */,
			);
			name = Products;
			sourceTree = "<group>";
		};
		947D04B7282AF0BF00D83248 /* macOS */ = {
			isa = PBXGroup;
			children = (
				94A5419C2832BD7800C6E440 /* SettingsView.swift */,
				9438299F2BA7E872004CE41F /* MenuBarIcon.swift */,
				947D04B8282AF0BF00D83248 /* macOS.entitlements */,
				9414D4FA282AF10100A5464D /* AppDelegate.swift */,
				945BB8A4283828DF000E94D1 /* NSStatusBarButtonExtension.swift */,
				94220B2E2EEFD6A800DDB997 /* File Cloud.entitlements */,
				94220B2F2EEFD6AE00DDB997 /* Info.plist */,
			);
			path = macOS;
			sourceTree = "<group>";
		};
		947D04C0282AF0BF00D83248 /* Tests iOS */ = {
			isa = PBXGroup;
			children = (
				947D04C1282AF0BF00D83248 /* Tests_iOS.swift */,
				947D04C3282AF0BF00D83248 /* Tests_iOSLaunchTests.swift */,
			);
			path = "Tests iOS";
			sourceTree = "<group>";
		};
		947D04CC282AF0BF00D83248 /* Tests macOS */ = {
			isa = PBXGroup;
			children = (
				94CC1A0A2C8B3F0100ABCDEF /* FileUploaderTests.swift */,
			);
			path = "Tests macOS";
			sourceTree = "<group>";
		};
		94BC795C2841AA43003587E8 /* iOS */ = {
			isa = PBXGroup;
			children = (
				94IE00002D0C000100000001 /* iOS.entitlements */,
				94BC795D2841AAA9003587E8 /* MainView.swift */,
				948D130028550F38006BD99C /* SettingsView.swift */,
				9420C566285511640099C8C8 /* UploadView.swift */,
				94PP00002D0C000100000001 /* PhotoPicker.swift */,
				94DP00002D0C000100000001 /* DocumentPicker.swift */,
			);
			path = iOS;
			sourceTree = "<group>";
		};
		94SG00002D0C000100000001 /* Share Extension */ = {
			isa = PBXGroup;
			children = (
				94SV00002D0C000100000001 /* ShareViewController.swift */,
				94XE00002D0C000100000001 /* Share Extension.entitlements */,
				94IP00002D0C000100000001 /* Info.plist */,
			);
			path = "Share Extension";
			sourceTree = "<group>";
		};
/* End PBXGroup section */

/* Begin PBXNativeTarget section */
		947D04AF282AF0BF00D83248 /* File Cloud (iOS) */ = {
			isa = PBXNativeTarget;
			buildConfigurationList = 947D04D9282AF0BF00D83248 /* Build configuration list for PBXNativeTarget "File Cloud (iOS)" */;
			buildPhases = (
				947D04AC282AF0BF00D83248 /* Sources */,
				947D04AD282AF0BF00D83248 /* Frameworks */,
				947D04AE282AF0BF00D83248 /* Resources */,
				94EM00002D0C000100000001 /* Embed App Extensions */,
			);
			buildRules = (
			);
			dependencies = (
				94TD00002D0C000100000001 /* PBXTargetDependency */,
			);
			name = "File Cloud (iOS)";
			productName = "File Cloud (iOS)";
			productReference = 947D04B0282AF0BF00D83248 /* File Cloud.app */;
			productType = "com.apple.product-type.application";
		};
		947D04B5282AF0BF00D83248 /* File Cloud (macOS) */ = {
			isa = PBXNativeTarget;
			buildConfigurationList = 947D04DC282AF0BF00D83248 /* Build configuration list for PBXNativeTarget "File Cloud (macOS)" */;
			buildPhases = (
				947D04B2282AF0BF00D83248 /* Sources */,
				947D04B3282AF0BF00D83248 /* Frameworks */,
				947D04B4282AF0BF00D83248 /* Resources */,
			);
			buildRules = (
			);
			name = "File Cloud (macOS)";
			packageProductDependencies = (
				94A93B382A4E5A280054D537 /* LaunchAtLogin */,
				943829A22BA7E9AE004CE41F /* MenuBarExtraAccess */,
			);
			productName = "File Cloud (macOS)";
			productReference = 947D04B6282AF0BF00D83248 /* File Cloud.app */;
			productType = "com.apple.product-type.application";
		};
		947D04BC282AF0BF00D83248 /* Tests iOS */ = {
			isa = PBXNativeTarget;
			buildConfigurationList = 947D04DF282AF0BF00D83248 /* Build configuration list for PBXNativeTarget "Tests iOS" */;
			buildPhases = (
				947D04B9282AF0BF00D83248 /* Sources */,
				947D04BA282AF0BF00D83248 /* Frameworks */,
				947D04BB282AF0BF00D83248 /* Resources */,
			);
			buildRules = (
			);
			dependencies = (
				947D04BF282AF0BF00D83248 /* PBXTargetDependency */,
			);
			name = "Tests iOS";
			productName = "Tests iOS";
			productReference = 947D04BD282AF0BF00D83248 /* Tests iOS.xctest */;
			productType = "com.apple.product-type.bundle.ui-testing";
		};
		947D04C8282AF0BF00D83248 /* Tests macOS */ = {
			isa = PBXNativeTarget;
			buildConfigurationList = 947D04E2282AF0BF00D83248 /* Build configuration list for PBXNativeTarget "Tests macOS" */;
			buildPhases = (
				947D04C5282AF0BF00D83248 /* Sources */,
				947D04C6282AF0BF00D83248 /* Frameworks */,
				947D04C7282AF0BF00D83248 /* Resources */,
			);
			buildRules = (
			);
			dependencies = (
				947D04CB282AF0BF00D83248 /* PBXTargetDependency */,
			);
			name = "Tests macOS";
			productName = "Tests macOS";
			productReference = 947D04C9282AF0BF00D83248 /* Tests macOS.xctest */;
			productType = "com.apple.product-type.bundle.unit-test";
		};
		94SH00002D0C000100000001 /* Share Extension */ = {
			isa = PBXNativeTarget;
			buildConfigurationList = 94SH00062D0C000100000001 /* Build configuration list for PBXNativeTarget "Share Extension" */;
			buildPhases = (
				94SH00012D0C000100000001 /* Sources */,
				94SH00022D0C000100000001 /* Frameworks */,
				94SH00032D0C000100000001 /* Resources */,
			);
			buildRules = (
			);
			name = "Share Extension";
			productName = "Share Extension";
			productReference = 94SE00102D0C000100000001 /* Share Extension.appex */;
			productType = "com.apple.product-type.app-extension";
		};
/* End PBXNativeTarget section */

/* Begin PBXProject section */
		947D04A4282AF0BE00D83248 /* Project object */ = {
			isa = PBXProject;
			attributes = {
				BuildIndependentTargetsInParallel = 1;
				LastSwiftUpdateCheck = 1330;
				LastUpgradeCheck = 2600;
				TargetAttributes = {
					947D04AF282AF0BF00D83248 = {
						CreatedOnToolsVersion = 13.3.1;
					};
					947D04B5282AF0BF00D83248 = {
						CreatedOnToolsVersion = 13.3.1;
					};
					947D04BC282AF0BF00D83248 = {
						CreatedOnToolsVersion = 13.3.1;
						TestTargetID = 947D04AF282AF0BF00D83248;
					};
					947D04C8282AF0BF00D83248 = {
						CreatedOnToolsVersion = 13.3.1;
						TestTargetID = 947D04B5282AF0BF00D83248;
					};
					94SH00002D0C000100000001 = {
						CreatedOnToolsVersion = 16.0;
					};
				};
			};
			buildConfigurationList = 947D04A7282AF0BE00D83248 /* Build configuration list for PBXProject "File Cloud" */;
			developmentRegion = en;
			hasScannedForEncodings = 0;
			knownRegions = (
				en,
				Base,
			);
			mainGroup = 947D04A3282AF0BE00D83248;
			packageReferences = (
				94A93B352A4E597C0054D537 /* XCRemoteSwiftPackageReference "LaunchAtLogin-Modern" */,
				943829A12BA7E8A9004CE41F /* XCRemoteSwiftPackageReference "MenuBarExtraAccess" */,
			);
			preferredProjectObjectVersion = 90;
			productRefGroup = 947D04B1282AF0BF00D83248 /* Products */;
			projectDirPath = "";
			projectRoot = "";
			targets = (
				947D04AF282AF0BF00D83248 /* File Cloud (iOS) */,
				947D04B5282AF0BF00D83248 /* File Cloud (macOS) */,
				947D04BC282AF0BF00D83248 /* Tests iOS */,
				947D04C8282AF0BF00D83248 /* Tests macOS */,
				94SH00002D0C000100000001 /* Share Extension */,
			);
		};
/* End PBXProject section */

/* Begin PBXResourcesBuildPhase section */
		947D04AE282AF0BF00D83248 /* Resources */ = {
			isa = PBXResourcesBuildPhase;
			files = (
				947D04D5282AF0BF00D83248 /* Assets.xcassets in Resources */,
			);
		};
		947D04B4282AF0BF00D83248 /* Resources */ = {
			isa = PBXResourcesBuildPhase;
			files = (
				94220B302EEFD6AE00DDB997 /* Info.plist in Resources */,
				947D04D6282AF0BF00D83248 /* Assets.xcassets in Resources */,
			);
		};
		947D04BB282AF0BF00D83248 /* Resources */ = {
			isa = PBXResourcesBuildPhase;
			files = (
			);
		};
		947D04C7282AF0BF00D83248 /* Resources */ = {
			isa = PBXResourcesBuildPhase;
			files = (
			);
		};
		94SH00032D0C000100000001 /* Resources */ = {
			isa = PBXResourcesBuildPhase;
			files = (
			);
		};
/* End PBXResourcesBuildPhase section */

/* Begin PBXCopyFilesBuildPhase section */
		94EM00002D0C000100000001 /* Embed App Extensions */ = {
			isa = PBXCopyFilesBuildPhase;
			buildActionMask = 2147483647;
			dstPath = "";
			dstSubfolderSpec = 13;
			files = (
				94SE00112D0C000100000001 /* Share Extension.appex in Embed App Extensions */,
			);
			name = "Embed App Extensions";
			runOnlyForDeploymentPostprocessing = 0;
		};
/* End PBXCopyFilesBuildPhase section */

/* Begin PBXSourcesBuildPhase section */
		947D04AC282AF0BF00D83248 /* Sources */ = {
			isa = PBXSourcesBuildPhase;
			files = (
				94PP00012D0C000100000001 /* PhotoPicker.swift in Sources */,
				94DP00012D0C000100000001 /* DocumentPicker.swift in Sources */,
				947D04D1282AF0BF00D83248 /* File_CloudApp.swift in Sources */,
				9420C567285511640099C8C8 /* UploadView.swift in Sources */,
				948D130128550F38006BD99C /* SettingsView.swift in Sources */,
				94BC795E2841AAA9003587E8 /* MainView.swift in Sources */,
				94EB160D282E1B5D0099E47F /* FileUploader.swift in Sources */,
				94FA00012D0C000100000001 /* FileUploaderAsync.swift in Sources */,
				94KC00012D0C000100000001 /* Keychain.swift in Sources */,
				94SE00012D0C000100000001 /* Settings.swift in Sources */,
			);
		};
		947D04B2282AF0BF00D83248 /* Sources */ = {
			isa = PBXSourcesBuildPhase;
			files = (
				94EB160E282E1B5D0099E47F /* FileUploader.swift in Sources */,
				943829A02BA7E872004CE41F /* MenuBarIcon.swift in Sources */,
				94A5419D2832BD7800C6E440 /* SettingsView.swift in Sources */,
				945BB8A5283828DF000E94D1 /* NSStatusBarButtonExtension.swift in Sources */,
				9414D4FB282AF10100A5464D /* AppDelegate.swift in Sources */,
				947D04D2282AF0BF00D83248 /* File_CloudApp.swift in Sources */,
				94KC00022D0C000100000001 /* Keychain.swift in Sources */,
			);
		};
		947D04B9282AF0BF00D83248 /* Sources */ = {
			isa = PBXSourcesBuildPhase;
			files = (
				947D04C4282AF0BF00D83248 /* Tests_iOSLaunchTests.swift in Sources */,
				947D04C2282AF0BF00D83248 /* Tests_iOS.swift in Sources */,
			);
		};
		94SH00012D0C000100000001 /* Sources */ = {
			isa = PBXSourcesBuildPhase;
			files = (
				94SV00012D0C000100000001 /* ShareViewController.swift in Sources */,
				94FU00012D0C000100000001 /* FileUploader.swift in Sources */,
				94FA00022D0C000100000001 /* FileUploaderAsync.swift in Sources */,
				94KC00032D0C000100000001 /* Keychain.swift in Sources */,
				94SE00022D0C000100000001 /* Settings.swift in Sources */,
			);
		};
		947D04C5282AF0BF00D83248 /* Sources */ = {
			isa = PBXSourcesBuildPhase;
			files = (
				94CC1A0B2C8B3F0100ABCDEF /* FileUploaderTests.swift in Sources */,
			);
		};
/* End PBXSourcesBuildPhase section */

/* Begin PBXTargetDependency section */
		947D04BF282AF0BF00D83248 /* PBXTargetDependency */ = {
			isa = PBXTargetDependency;
			target = 947D04AF282AF0BF00D83248 /* File Cloud (iOS) */;
			targetProxy = 947D04BE282AF0BF00D83248 /* PBXContainerItemProxy */;
		};
		947D04CB282AF0BF00D83248 /* PBXTargetDependency */ = {
			isa = PBXTargetDependency;
			target = 947D04B5282AF0BF00D83248 /* File Cloud (macOS) */;
			targetProxy = 947D04CA282AF0BF00D83248 /* PBXContainerItemProxy */;
		};
		94TD00002D0C000100000001 /* PBXTargetDependency */ = {
			isa = PBXTargetDependency;
			target = 94SH00002D0C000100000001 /* Share Extension */;
			targetProxy = 94CP00002D0C000100000001 /* PBXContainerItemProxy */;
		};
/* End PBXTargetDependency section */

/* Begin XCBuildConfiguration section */
		947D04D7282AF0BF00D83248 /* Debug configuration for PBXProject "File Cloud" */ = {
			isa = XCBuildConfiguration;
			buildSettings = {
				ALWAYS_SEARCH_USER_PATHS = NO;
				ASSETCATALOG_COMPILER_GENERATE_SWIFT_ASSET_SYMBOL_EXTENSIONS = YES;
				CLANG_ANALYZER_NONNULL = YES;
				CLANG_ANALYZER_NUMBER_OBJECT_CONVERSION = YES_AGGRESSIVE;
				CLANG_CXX_LANGUAGE_STANDARD = "gnu++17";
				CLANG_ENABLE_MODULES = YES;
				CLANG_ENABLE_OBJC_ARC = YES;
				CLANG_ENABLE_OBJC_WEAK = YES;
				CLANG_WARN_BLOCK_CAPTURE_AUTORELEASING = YES;
				CLANG_WARN_BOOL_CONVERSION = YES;
				CLANG_WARN_COMMA = YES;
				CLANG_WARN_CONSTANT_CONVERSION = YES;
				CLANG_WARN_DEPRECATED_OBJC_IMPLEMENTATIONS = YES;
				CLANG_WARN_DIRECT_OBJC_ISA_USAGE = YES_ERROR;
				CLANG_WARN_DOCUMENTATION_COMMENTS = YES;
				CLANG_WARN_EMPTY_BODY = YES;
				CLANG_WARN_ENUM_CONVERSION = YES;
				CLANG_WARN_INFINITE_RECURSION = YES;
				CLANG_WARN_INT_CONVERSION = YES;
				CLANG_WARN_NON_LITERAL_NULL_CONVERSION = YES;
				CLANG_WARN_OBJC_IMPLICIT_RETAIN_SELF = YES;
				CLANG_WARN_OBJC_LITERAL_CONVERSION = YES;
				CLANG_WARN_OBJC_ROOT_CLASS = YES_ERROR;
				CLANG_WARN_QUOTED_INCLUDE_IN_FRAMEWORK_HEADER = YES;
				CLANG_WARN_RANGE_LOOP_ANALYSIS = YES;
				CLANG_WARN_STRICT_PROTOTYPES = YES;
				CLANG_WARN_SUSPICIOUS_MOVE = YES;
				CLANG_WARN_UNGUARDED_AVAILABILITY = YES_AGGRESSIVE;
				CLANG_WARN_UNREACHABLE_CODE = YES;
				CLANG_WARN__DUPLICATE_METHOD_MATCH = YES;
				COPY_PHASE_STRIP = NO;
				DEAD_CODE_STRIPPING = YES;
				DEBUG_INFORMATION_FORMAT = dwarf;
				DEVELOPMENT_TEAM = 5R3XW76G52;
				ENABLE_STRICT_OBJC_MSGSEND = YES;
				ENABLE_TESTABILITY = YES;
				ENABLE_USER_SCRIPT_SANDBOXING = YES;
				GCC_C_LANGUAGE_STANDARD = gnu11;
				GCC_DYNAMIC_NO_PIC = NO;
				GCC_NO_COMMON_BLOCKS = YES;
				GCC_OPTIMIZATION_LEVEL = 0;
				GCC_PREPROCESSOR_DEFINITIONS = (
					"DEBUG=1",
					"$(inherited)",
				);
				GCC_WARN_64_TO_32_BIT_CONVERSION = YES;
				GCC_WARN_ABOUT_RETURN_TYPE = YES_ERROR;
				GCC_WARN_UNDECLARED_SELECTOR = YES;
				GCC_WARN_UNINITIALIZED_AUTOS = YES_AGGRESSIVE;
				GCC_WARN_UNUSED_FUNCTION = YES;
				GCC_WARN_UNUSED_VARIABLE = YES;
				MTL_ENABLE_DEBUG_INFO = INCLUDE_SOURCE;
				MTL_FAST_MATH = YES;
				ONLY_ACTIVE_ARCH = YES;
				STRING_CATALOG_GENERATE_SYMBOLS = YES;
				SWIFT_ACTIVE_COMPILATION_CONDITIONS = DEBUG;
				SWIFT_OPTIMIZATION_LEVEL = "-Onone";
			};
			name = Debug;
		};
		947D04D8282AF0BF00D83248 /* Release configuration for PBXProject "File Cloud" */ = {
			isa = XCBuildConfiguration;
			buildSettings = {
				ALWAYS_SEARCH_USER_PATHS = NO;
				ASSETCATALOG_COMPILER_GENERATE_SWIFT_ASSET_SYMBOL_EXTENSIONS = YES;
				CLANG_ANALYZER_NONNULL = YES;
				CLANG_ANALYZER_NUMBER_OBJECT_CONVERSION = YES_AGGRESSIVE;
				CLANG_CXX_LANGUAGE_STANDARD = "gnu++17";
				CLANG_ENABLE_MODULES = YES;
				CLANG_ENABLE_OBJC_ARC = YES;
				CLANG_ENABLE_OBJC_WEAK = YES;
				CLANG_WARN_BLOCK_CAPTURE_AUTORELEASING = YES;
				CLANG_WARN_BOOL_CONVERSION = YES;
				CLANG_WARN_COMMA = YES;
				CLANG_WARN_CONSTANT_CONVERSION = YES;
				CLANG_WARN_DEPRECATED_OBJC_IMPLEMENTATIONS = YES;
				CLANG_WARN_DIRECT_OBJC_ISA_USAGE = YES_ERROR;
				CLANG_WARN_DOCUMENTATION_COMMENTS = YES;
				CLANG_WARN_EMPTY_BODY = YES;
				CLANG_WARN_ENUM_CONVERSION = YES;
				CLANG_WARN_INFINITE_RECURSION = YES;
				CLANG_WARN_INT_CONVERSION = YES;
				CLANG_WARN_NON_LITERAL_NULL_CONVERSION = YES;
				CLANG_WARN_OBJC_IMPLICIT_RETAIN_SELF = YES;
				CLANG_WARN_OBJC_LITERAL_CONVERSION = YES;
				CLANG_WARN_OBJC_ROOT_CLASS = YES_ERROR;
				CLANG_WARN_QUOTED_INCLUDE_IN_FRAMEWORK_HEADER = YES;
				CLANG_WARN_RANGE_LOOP_ANALYSIS = YES;
				CLANG_WARN_STRICT_PROTOTYPES = YES;
				CLANG_WARN_SUSPICIOUS_MOVE = YES;
				CLANG_WARN_UNGUARDED_AVAILABILITY = YES_AGGRESSIVE;
				CLANG_WARN_UNREACHABLE_CODE = YES;
				CLANG_WARN__DUPLICATE_METHOD_MATCH = YES;
				COPY_PHASE_STRIP = NO;
				DEAD_CODE_STRIPPING = YES;
				DEBUG_INFORMATION_FORMAT = "dwarf-with-dsym";
				DEVELOPMENT_TEAM = 5R3XW76G52;
				ENABLE_NS_ASSERTIONS = NO;
				ENABLE_STRICT_OBJC_MSGSEND = YES;
				ENABLE_USER_SCRIPT_SANDBOXING = YES;
				GCC_C_LANGUAGE_STANDARD = gnu11;
				GCC_NO_COMMON_BLOCKS = YES;
				GCC_WARN_64_TO_32_BIT_CONVERSION = YES;
				GCC_WARN_ABOUT_RETURN_TYPE = YES_ERROR;
				GCC_WARN_UNDECLARED_SELECTOR = YES;
				GCC_WARN_UNINITIALIZED_AUTOS = YES_AGGRESSIVE;
				GCC_WARN_UNUSED_FUNCTION = YES;
				GCC_WARN_UNUSED_VARIABLE = YES;
				MTL_ENABLE_DEBUG_INFO = NO;
				MTL_FAST_MATH = YES;
				STRING_CATALOG_GENERATE_SYMBOLS = YES;
				SWIFT_COMPILATION_MODE = wholemodule;
				SWIFT_OPTIMIZATION_LEVEL = "-O";
			};
			name = Release;
		};
		947D04DA282AF0BF00D83248 /* Debug configuration for PBXNativeTarget "File Cloud (iOS)" */ = {
			isa = XCBuildConfiguration;
			buildSettings = {
				ALWAYS_EMBED_SWIFT_STANDARD_LIBRARIES = YES;
				ASSETCATALOG_COMPILER_APPICON_NAME = AppIcon;
				ASSETCATALOG_COMPILER_GLOBAL_ACCENT_COLOR_NAME = AccentColor;
				CODE_SIGN_ENTITLEMENTS = iOS/iOS.entitlements;
				CODE_SIGN_STYLE = Automatic;
				CURRENT_PROJECT_VERSION = 20260308;
				ENABLE_PREVIEWS = YES;
				GENERATE_INFOPLIST_FILE = YES;
				INFOPLIST_KEY_UIApplicationSceneManifest_Generation = YES;
				INFOPLIST_KEY_UIApplicationSupportsIndirectInputEvents = YES;
				INFOPLIST_KEY_UILaunchScreen_Generation = YES;
				INFOPLIST_KEY_UISupportedInterfaceOrientations_iPad = "UIInterfaceOrientationPortrait UIInterfaceOrientationPortraitUpsideDown UIInterfaceOrientationLandscapeLeft UIInterfaceOrientationLandscapeRight";
				INFOPLIST_KEY_UISupportedInterfaceOrientations_iPhone = "UIInterfaceOrientationPortrait UIInterfaceOrientationLandscapeLeft UIInterfaceOrientationLandscapeRight";
				IPHONEOS_DEPLOYMENT_TARGET = 19.0;
				LD_RUNPATH_SEARCH_PATHS = (
					"$(inherited)",
					"@executable_path/Frameworks",
				);
				MARKETING_VERSION = 2026.03.08;
				PRODUCT_BUNDLE_IDENTIFIER = "skalnik.File-Cloud";
				PRODUCT_NAME = "File Cloud";
				SDKROOT = iphoneos;
				SUPPORTED_PLATFORMS = "iphoneos iphonesimulator";
				SUPPORTS_MACCATALYST = NO;
				SUPPORTS_MAC_DESIGNED_FOR_IPHONE_IPAD = NO;
				SUPPORTS_XR_DESIGNED_FOR_IPHONE_IPAD = NO;
				SWIFT_EMIT_LOC_STRINGS = YES;
				SWIFT_VERSION = 5.0;
				TARGETED_DEVICE_FAMILY = "1,2";
			};
			name = Debug;
		};
		947D04DB282AF0BF00D83248 /* Release configuration for PBXNativeTarget "File Cloud (iOS)" */ = {
			isa = XCBuildConfiguration;
			buildSettings = {
				ALWAYS_EMBED_SWIFT_STANDARD_LIBRARIES = YES;
				ASSETCATALOG_COMPILER_APPICON_NAME = AppIcon;
				ASSETCATALOG_COMPILER_GLOBAL_ACCENT_COLOR_NAME = AccentColor;
				CODE_SIGN_ENTITLEMENTS = iOS/iOS.entitlements;
				CODE_SIGN_STYLE = Automatic;
				CURRENT_PROJECT_VERSION = 20260308;
				ENABLE_PREVIEWS = YES;
				GENERATE_INFOPLIST_FILE = YES;
				INFOPLIST_KEY_UIApplicationSceneManifest_Generation = YES;
				INFOPLIST_KEY_UIApplicationSupportsIndirectInputEvents = YES;
				INFOPLIST_KEY_UILaunchScreen_Generation = YES;
				INFOPLIST_KEY_UISupportedInterfaceOrientations_iPad = "UIInterfaceOrientationPortrait UIInterfaceOrientationPortraitUpsideDown UIInterfaceOrientationLandscapeLeft UIInterfaceOrientationLandscapeRight";
				INFOPLIST_KEY_UISupportedInterfaceOrientations_iPhone = "UIInterfaceOrientationPortrait UIInterfaceOrientationLandscapeLeft UIInterfaceOrientationLandscapeRight";
				IPHONEOS_DEPLOYMENT_TARGET = 19.0;
				LD_RUNPATH_SEARCH_PATHS = (
					"$(inherited)",
					"@executable_path/Frameworks",
				);
				MARKETING_VERSION = 2026.03.08;
				PRODUCT_BUNDLE_IDENTIFIER = "skalnik.File-Cloud";
				PRODUCT_NAME = "File Cloud";
				SDKROOT = iphoneos;
				SUPPORTED_PLATFORMS = "iphoneos iphonesimulator";
				SUPPORTS_MACCATALYST = NO;
				SUPPORTS_MAC_DESIGNED_FOR_IPHONE_IPAD = NO;
				SUPPORTS_XR_DESIGNED_FOR_IPHONE_IPAD = NO;
				SWIFT_EMIT_LOC_STRINGS = YES;
				SWIFT_VERSION = 5.0;
				TARGETED_DEVICE_FAMILY = "1,2";
				VALIDATE_PRODUCT = YES;
			};
			name = Release;
		};
		947D04DD282AF0BF00D83248 /* Debug configuration for PBXNativeTarget "File Cloud (macOS)" */ = {
			isa = XCBuildConfiguration;
			buildSettings = {
				ASSETCATALOG_COMPILER_APPICON_NAME = AppIcon;
				ASSETCATALOG_COMPILER_GLOBAL_ACCENT_COLOR_NAME = AccentColor;
				ASSETCATALOG_COMPILER_INCLUDE_ALL_APPICON_ASSETS = YES;
				CODE_SIGN_ENTITLEMENTS = macOS/macOS.entitlements;
				CODE_SIGN_IDENTITY = "-";
				"CODE_SIGN_IDENTITY[sdk=macosx*]" = "Apple Development";
				CODE_SIGN_STYLE = Automatic;
				COMBINE_HIDPI_IMAGES = YES;
				CURRENT_PROJECT_VERSION = 20260308;
				DEAD_CODE_STRIPPING = YES;
				ENABLE_APP_SANDBOX = YES;
				ENABLE_FILE_ACCESS_DOWNLOADS_FOLDER = readonly;
				ENABLE_FILE_ACCESS_MOVIES_FOLDER = readonly;
				ENABLE_FILE_ACCESS_MUSIC_FOLDER = readonly;
				ENABLE_FILE_ACCESS_PICTURE_FOLDER = readonly;
				ENABLE_HARDENED_RUNTIME = YES;
				ENABLE_OUTGOING_NETWORK_CONNECTIONS = YES;
				ENABLE_PREVIEWS = YES;
				ENABLE_USER_SELECTED_FILES = readonly;
				GENERATE_INFOPLIST_FILE = YES;
				INFOPLIST_FILE = "File-Cloud--macOS--Info.plist";
				INFOPLIST_KEY_LSApplicationCategoryType = "public.app-category.utilities";
				INFOPLIST_KEY_NSHumanReadableCopyright = "";
				LD_RUNPATH_SEARCH_PATHS = (
					"$(inherited)",
					"@executable_path/../Frameworks",
				);
				MACOSX_DEPLOYMENT_TARGET = 26.0;
				MARKETING_VERSION = 2026.03.08;
				PRODUCT_BUNDLE_IDENTIFIER = "skalnik.File-Cloud";
				PRODUCT_NAME = "File Cloud";
				SDKROOT = macosx;
				SWIFT_EMIT_LOC_STRINGS = YES;
				SWIFT_VERSION = 5.0;
			};
			name = Debug;
		};
		947D04DE282AF0BF00D83248 /* Release configuration for PBXNativeTarget "File Cloud (macOS)" */ = {
			isa = XCBuildConfiguration;
			buildSettings = {
				ASSETCATALOG_COMPILER_APPICON_NAME = AppIcon;
				ASSETCATALOG_COMPILER_GLOBAL_ACCENT_COLOR_NAME = AccentColor;
				ASSETCATALOG_COMPILER_INCLUDE_ALL_APPICON_ASSETS = YES;
				CODE_SIGN_ENTITLEMENTS = macOS/macOS.entitlements;
				CODE_SIGN_IDENTITY = "-";
				"CODE_SIGN_IDENTITY[sdk=macosx*]" = "Apple Development";
				CODE_SIGN_STYLE = Automatic;
				COMBINE_HIDPI_IMAGES = YES;
				CURRENT_PROJECT_VERSION = 20260308;
				DEAD_CODE_STRIPPING = YES;
				ENABLE_APP_SANDBOX = YES;
				ENABLE_FILE_ACCESS_DOWNLOADS_FOLDER = readonly;
				ENABLE_FILE_ACCESS_MOVIES_FOLDER = readonly;
				ENABLE_FILE_ACCESS_MUSIC_FOLDER = readonly;
				ENABLE_FILE_ACCESS_PICTURE_FOLDER = readonly;
				ENABLE_HARDENED_RUNTIME = YES;
				ENABLE_OUTGOING_NETWORK_CONNECTIONS = YES;
				ENABLE_PREVIEWS = YES;
				ENABLE_USER_SELECTED_FILES = readonly;
				GENERATE_INFOPLIST_FILE = YES;
				INFOPLIST_FILE = "File-Cloud--macOS--Info.plist";
				INFOPLIST_KEY_LSApplicationCategoryType = "public.app-category.utilities";
				INFOPLIST_KEY_NSHumanReadableCopyright = "";
				LD_RUNPATH_SEARCH_PATHS = (
					"$(inherited)",
					"@executable_path/../Frameworks",
				);
				MACOSX_DEPLOYMENT_TARGET = 26.0;
				MARKETING_VERSION = 2026.03.08;
				PRODUCT_BUNDLE_IDENTIFIER = "skalnik.File-Cloud";
				PRODUCT_NAME = "File Cloud";
				SDKROOT = macosx;
				SWIFT_EMIT_LOC_STRINGS = YES;
				SWIFT_VERSION = 5.0;
			};
			name = Release;
		};
		947D04E0282AF0BF00D83248 /* Debug configuration for PBXNativeTarget "Tests iOS" */ = {
			isa = XCBuildConfiguration;
			buildSettings = {
				CODE_SIGN_STYLE = Automatic;
				CURRENT_PROJECT_VERSION = 20260308;
				GENERATE_INFOPLIST_FILE = YES;
				IPHONEOS_DEPLOYMENT_TARGET = 19.0;
				MARKETING_VERSION = 1.0;
				PRODUCT_BUNDLE_IDENTIFIER = "skalnik.Tests-iOS";
				PRODUCT_NAME = "$(TARGET_NAME)";
				SDKROOT = iphoneos;
				SWIFT_EMIT_LOC_STRINGS = NO;
				SWIFT_VERSION = 5.0;
				TARGETED_DEVICE_FAMILY = "1,2";
				TEST_TARGET_NAME = "File Cloud (iOS)";
			};
			name = Debug;
		};
		947D04E1282AF0BF00D83248 /* Release configuration for PBXNativeTarget "Tests iOS" */ = {
			isa = XCBuildConfiguration;
			buildSettings = {
				CODE_SIGN_STYLE = Automatic;
				CURRENT_PROJECT_VERSION = 20260308;
				GENERATE_INFOPLIST_FILE = YES;
				IPHONEOS_DEPLOYMENT_TARGET = 19.0;
				MARKETING_VERSION = 1.0;
				PRODUCT_BUNDLE_IDENTIFIER = "skalnik.Tests-iOS";
				PRODUCT_NAME = "$(TARGET_NAME)";
				SDKROOT = iphoneos;
				SWIFT_EMIT_LOC_STRINGS = NO;
				SWIFT_VERSION = 5.0;
				TARGETED_DEVICE_FAMILY = "1,2";
				TEST_TARGET_NAME = "File Cloud (iOS)";
				VALIDATE_PRODUCT = YES;
			};
			name = Release;
		};
		947D04E3282AF0BF00D83248 /* Debug configuration for PBXNativeTarget "Tests macOS" */ = {
			isa = XCBuildConfiguration;
			buildSettings = {
				BUNDLE_LOADER = "$(TEST_HOST)";
				CODE_SIGN_STYLE = Automatic;
				CURRENT_PROJECT_VERSION = 20260308;
				DEAD_CODE_STRIPPING = YES;
				GENERATE_INFOPLIST_FILE = YES;
				MACOSX_DEPLOYMENT_TARGET = 26.0;
				MARKETING_VERSION = 1.0;
				PRODUCT_BUNDLE_IDENTIFIER = "skalnik.Tests-macOS";
				PRODUCT_NAME = "$(TARGET_NAME)";
				SDKROOT = macosx;
				SWIFT_EMIT_LOC_STRINGS = NO;
				SWIFT_VERSION = 5.0;
				TEST_HOST = "$(BUILT_PRODUCTS_DIR)/File Cloud.app/Contents/MacOS/File Cloud";
				TEST_TARGET_NAME = "File Cloud (macOS)";
			};
			name = Debug;
		};
		947D04E4282AF0BF00D83248 /* Release configuration for PBXNativeTarget "Tests macOS" */ = {
			isa = XCBuildConfiguration;
			buildSettings = {
				BUNDLE_LOADER = "$(TEST_HOST)";
				CODE_SIGN_STYLE = Automatic;
				CURRENT_PROJECT_VERSION = 20260308;
				DEAD_CODE_STRIPPING = YES;
				GENERATE_INFOPLIST_FILE = YES;
				MACOSX_DEPLOYMENT_TARGET = 26.0;
				MARKETING_VERSION = 1.0;
				PRODUCT_BUNDLE_IDENTIFIER = "skalnik.Tests-macOS";
				PRODUCT_NAME = "$(TARGET_NAME)";
				SDKROOT = macosx;
				SWIFT_EMIT_LOC_STRINGS = NO;
				SWIFT_VERSION = 5.0;
				TEST_HOST = "$(BUILT_PRODUCTS_DIR)/File Cloud.app/Contents/MacOS/File Cloud";
				TEST_TARGET_NAME = "File Cloud (macOS)";
			};
			name = Release;
		};
		94SH00042D0C000100000001 /* Debug configuration for PBXNativeTarget "Share Extension" */ = {
			isa = XCBuildConfiguration;
			buildSettings = {
				CODE_SIGN_ENTITLEMENTS = "Share Extension/Share Extension.entitlements";
				CODE_SIGN_STYLE = Automatic;
				CURRENT_PROJECT_VERSION = 20260308;
				GENERATE_INFOPLIST_FILE = YES;
				INFOPLIST_FILE = "Share Extension/Info.plist";
				INFOPLIST_KEY_CFBundleDisplayName = "File Cloud";
				IPHONEOS_DEPLOYMENT_TARGET = 19.0;
				LD_RUNPATH_SEARCH_PATHS = (
					"$(inherited)",
					"@executable_path/Frameworks",
					"@executable_path/../../Frameworks",
				);
				MARKETING_VERSION = 2026.03.08;
				PRODUCT_BUNDLE_IDENTIFIER = "skalnik.File-Cloud.Share-Extension";
				PRODUCT_NAME = "$(TARGET_NAME)";
				SDKROOT = iphoneos;
				SKIP_INSTALL = YES;
				SUPPORTED_PLATFORMS = "iphoneos iphonesimulator";
				SWIFT_EMIT_LOC_STRINGS = YES;
				SWIFT_VERSION = 5.0;
				TARGETED_DEVICE_FAMILY = "1,2";
			};
			name = Debug;
		};
		94SH00052D0C000100000001 /* Release configuration for PBXNativeTarget "Share Extension" */ = {
			isa = XCBuildConfiguration;
			buildSettings = {
				CODE_SIGN_ENTITLEMENTS = "Share Extension/Share Extension.entitlements";
				CODE_SIGN_STYLE = Automatic;
				CURRENT_PROJECT_VERSION = 20260308;
				GENERATE_INFOPLIST_FILE = YES;
				INFOPLIST_FILE = "Share Extension/Info.plist";
				INFOPLIST_KEY_CFBundleDisplayName = "File Cloud";
				IPHONEOS_DEPLOYMENT_TARGET = 19.0;
				LD_RUNPATH_SEARCH_PATHS = (
					"$(inherited)",
					"@executable_path/Frameworks",
					"@executable_path/../../Frameworks",
				);
				MARKETING_VERSION = 2026.03.08;
				PRODUCT_BUNDLE_IDENTIFIER = "skalnik.File-Cloud.Share-Extension";
				PRODUCT_NAME = "$(TARGET_NAME)";
				SDKROOT = iphoneos;
				SKIP_INSTALL = YES;
				SUPPORTED_PLATFORMS = "iphoneos iphonesimulator";
				SWIFT_EMIT_LOC_STRINGS = YES;
				SWIFT_VERSION = 5.0;
				TARGETED_DEVICE_FAMILY = "1,2";
				VALIDATE_PRODUCT = YES;
			};
			name = Release;
		};
/* End XCBuildConfiguration section */

/* Begin XCConfigurationList section */
		947D04A7282AF0BE00D83248 /* Build configuration list for PBXProject "File Cloud" */ = {
			isa = XCConfigurationList;
			buildConfigurations = (
				947D04D7282AF0BF00D83248 /* Debug configuration for PBXProject "File Cloud" */,
				947D04D8282AF0BF00D83248 /* Release configuration for PBXProject "File Cloud" */,
			);
			defaultConfigurationName = Release;
		};
		947D04D9282AF0BF00D83248 /* Build configuration list for PBXNativeTarget "File Cloud (iOS)" */ = {
			isa = XCConfigurationList;
			buildConfigurations = (
				947D04DA282AF0BF00D83248 /* Debug configuration for PBXNativeTarget "File Cloud (iOS)" */,
				947D04DB282AF0BF00D83248 /* Release configuration for PBXNativeTarget "File Cloud (iOS)" */,
			);
			defaultConfigurationName = Release;
		};
		947D04DC282AF0BF00D83248 /* Build configuration list for PBXNativeTarget "File Cloud (macOS)" */ = {
			isa = XCConfigurationList;
			buildConfigurations = (
				947D04DD282AF0BF00D83248 /* Debug configuration for PBXNativeTarget "File Cloud (macOS)" */,
				947D04DE282AF0BF00D83248 /* Release configuration for PBXNativeTarget "File Cloud (macOS)" */,
			);
			defaultConfigurationName = Release;
		};
		947D04DF282AF0BF00D83248 /* Build configuration list for PBXNativeTarget "Tests iOS" */ = {
			isa = XCConfigurationList;
			buildConfigurations = (
				947D04E0282AF0BF00D83248 /* Debug configuration for PBXNativeTarget "Tests iOS" */,
				947D04E1282AF0BF00D83248 /* Release configuration for PBXNativeTarget "Tests iOS" */,
			);
			defaultConfigurationName = Release;
		};
		947D04E2282AF0BF00D83248 /* Build configuration list for PBXNativeTarget "Tests macOS" */ = {
			isa = XCConfigurationList;
			buildConfigurations = (
				947D04E3282AF0BF00D83248 /* Debug configuration for PBXNativeTarget "Tests macOS" */,
				947D04E4282AF0BF00D83248 /* Release configuration for PBXNativeTarget "Tests macOS" */,
			);
			defaultConfigurationName = Release;
		};
		94SH00062D0C000100000001 /* Build configuration list for PBXNativeTarget "Share Extension" */ = {
			isa = XCConfigurationList;
			buildConfigurations = (
				94SH00042D0C000100000001 /* Debug configuration for PBXNativeTarget "Share Extension" */,
				94SH00052D0C000100000001 /* Release configuration for PBXNativeTarget "Share Extension" */,
			);
			defaultConfigurationName = Release;
		};
/* End XCConfigurationList section */

/* Begin XCRemoteSwiftPackageReference section */
		943829A12BA7E8A9004CE41F /* XCRemoteSwiftPackageReference "MenuBarExtraAccess" */ = {
			isa = XCRemoteSwiftPackageReference;
			repositoryURL = "https://github.com/orchetect/MenuBarExtraAccess";
			requirement = {
				kind = upToNextMajorVersion;
				minimumVersion = 1.0.5;
			};
		};
		94A93B352A4E597C0054D537 /* XCRemoteSwiftPackageReference "LaunchAtLogin-Modern" */ = {
			isa = XCRemoteSwiftPackageReference;
			repositoryURL = "https://github.com/sindresorhus/LaunchAtLogin-Modern";
			requirement = {
				branch = main;
				kind = branch;
			};
		};
/* End XCRemoteSwiftPackageReference section */

/* Begin XCSwiftPackageProductDependency section */
		943829A22BA7E9AE004CE41F /* MenuBarExtraAccess */ = {
			isa = XCSwiftPackageProductDependency;
			package = 943829A12BA7E8A9004CE41F /* XCRemoteSwiftPackageReference "MenuBarExtraAccess" */;
			productName = MenuBarExtraAccess;
		};
		94A93B362A4E597C0054D537 /* LaunchAtLogin */ = {
			isa = XCSwiftPackageProductDependency;
			package = 94A93B352A4E597C0054D537 /* XCRemoteSwiftPackageReference "LaunchAtLogin-Modern" */;
			productName = LaunchAtLogin;
		};
		94A93B382A4E5A280054D537 /* LaunchAtLogin */ = {
			isa = XCSwiftPackageProductDependency;
			package = 94A93B352A4E597C0054D537 /* XCRemoteSwiftPackageReference "LaunchAtLogin-Modern" */;
			productName = LaunchAtLogin;
		};
/* End XCSwiftPackageProductDependency section */
	};
	rootObject = 947D04A4282AF0BE00D83248 /* Project object */;
}
